
Microsoft Visual Studio Solution File, Format Version 12.00
# Visual Studio 2017
Project("{FAE04EC0-301F-11D3-BF4B-00C04F79EFBC}") = "Farming Game Prototype", "Farming Game Prototype.csproj", "{C361D4BC-980D-4071-A895-B1AB75E022FB}"
EndProject
Project("{FAE04EC0-301F-11D3-BF4B-00C04F79EFBC}") = "Farming Game Prototype", "Farming Game Prototype.csproj", "{C361D4BC-980D-4071-A895-B1AB75E022FB}"
EndProject
Project("{FAE04EC0-301F-11D3-BF4B-00C04F79EFBC}") = "Farming Game Prototype", "Farming Game Prototype.csproj", "{C361D4BC-980D-4071-A895-B1AB75E022FB}"
EndProject
Project("{FAE04EC0-301F-11D3-BF4B-00C04F79EFBC}") = "Farming Game Prototype", "Farming Game Prototype.csproj", "{C361D4BC-980D-4071-A895-B1AB75E022FB}"
EndProject
Project("{FAE04EC0-301F-11D3-BF4B-00C04F79EFBC}") = "Farming Game Prototype", "Farming Game Prototype.csproj", "{C361D4BC-980D-4071-A895-B1AB75E022FB}"
EndProject
Project("{FAE04EC0-301F-11D3-BF4B-00C04F79EFBC}") = "Farming Game Prototype.Editor", "Farming Game Prototype.Editor.csproj", "{417BF06D-FFB2-3668-CAFB-1614DE047526}"
EndProject
Project("{FAE04EC0-301F-11D3-BF4B-00C04F79EFBC}") = "Farming Game Prototype.Editor", "Farming Game Prototype.Editor.csproj", "{417BF06D-FFB2-3668-CAFB-1614DE047526}"
EndProject
Project("{FAE04EC0-301F-11D3-BF4B-00C04F79EFBC}") = "Farming Game Prototype.Editor", "Farming Game Prototype.Editor.csproj", "{417BF06D-FFB2-3668-CAFB-1614DE047526}"
EndProject
Project("{FAE04EC0-301F-11D3-BF4B-00C04F79EFBC}") = "Farming Game Prototype.Editor", "Farming Game Prototype.Editor.csproj", "{417BF06D-FFB2-3668-CAFB-1614DE047526}"
EndProject
Project("{FAE04EC0-301F-11D3-BF4B-00C04F79EFBC}") = "Farming Game Prototype.Editor", "Farming Game Prototype.Editor.csproj", "{417BF06D-FFB2-3668-CAFB-1614DE047526}"
EndProject
Project("{FAE04EC0-301F-11D3-BF4B-00C04F79EFBC}") = "Farming Game Prototype.Editor", "Farming Game Prototype.Editor.csproj", "{417BF06D-FFB2-3668-CAFB-1614DE047526}"
EndProject
Project("{FAE04EC0-301F-11D3-BF4B-00C04F79EFBC}") = "Farming Game Prototype.Editor", "Farming Game Prototype.Editor.csproj", "{417BF06D-FFB2-3668-CAFB-1614DE047526}"
EndProject
Project("{FAE04EC0-301F-11D3-BF4B-00C04F79EFBC}") = "Farming Game Prototype.Editor", "Farming Game Prototype.Editor.csproj", "{417BF06D-FFB2-3668-CAFB-1614DE047526}"
EndProject
Project("{FAE04EC0-301F-11D3-BF4B-00C04F79EFBC}") = "Farming Game Prototype.Editor", "Farming Game Prototype.Editor.csproj", "{417BF06D-FFB2-3668-CAFB-1614DE047526}"
EndProject
Global
	GlobalSection(SolutionConfigurationPlatforms) = preSolution
		Debug|Any CPU = Debug|Any CPU
		Release|Any CPU = Release|Any CPU
	EndGlobalSection
	GlobalSection(ProjectConfigurationPlatforms) = postSolution
		{C361D4BC-980D-4071-A895-B1AB75E022FB}.Debug|Any CPU.ActiveCfg = Debug|Any CPU
		{C361D4BC-980D-4071-A895-B1AB75E022FB}.Debug|Any CPU.Build.0 = Debug|Any CPU
		{C361D4BC-980D-4071-A895-B1AB75E022FB}.Release|Any CPU.ActiveCfg = Release|Any CPU
		{C361D4BC-980D-4071-A895-B1AB75E022FB}.Release|Any CPU.Build.0 = Release|Any CPU
		{C361D4BC-980D-4071-A895-B1AB75E022FB}.Debug|Any CPU.ActiveCfg = Debug|Any CPU
		{C361D4BC-980D-4071-A895-B1AB75E022FB}.Debug|Any CPU.Build.0 = Debug|Any CPU
		{C361D4BC-980D-4071-A895-B1AB75E022FB}.Release|Any CPU.ActiveCfg = Release|Any CPU
		{C361D4BC-980D-4071-A895-B1AB75E022FB}.Release|Any CPU.Build.0 = Release|Any CPU
		{C361D4BC-980D-4071-A895-B1AB75E022FB}.Debug|Any CPU.ActiveCfg = Debug|Any CPU
		{C361D4BC-980D-4071-A895-B1AB75E022FB}.Debug|Any CPU.Build.0 = Debug|Any CPU
		{C361D4BC-980D-4071-A895-B1AB75E022FB}.Release|Any CPU.ActiveCfg = Release|Any CPU
		{C361D4BC-980D-4071-A895-B1AB75E022FB}.Release|Any CPU.Build.0 = Release|Any CPU
		{C361D4BC-980D-4071-A895-B1AB75E022FB}.Debug|Any CPU.ActiveCfg = Debug|Any CPU
		{C361D4BC-980D-4071-A895-B1AB75E022FB}.Debug|Any CPU.Build.0 = Debug|Any CPU
		{C361D4BC-980D-4071-A895-B1AB75E022FB}.Release|Any CPU.ActiveCfg = Release|Any CPU
		{C361D4BC-980D-4071-A895-B1AB75E022FB}.Release|Any CPU.Build.0 = Release|Any CPU
		{C361D4BC-980D-4071-A895-B1AB75E022FB}.Debug|Any CPU.ActiveCfg = Debug|Any CPU
		{C361D4BC-980D-4071-A895-B1AB75E022FB}.Debug|Any CPU.Build.0 = Debug|Any CPU
		{C361D4BC-980D-4071-A895-B1AB75E022FB}.Release|Any CPU.ActiveCfg = Release|Any CPU
		{C361D4BC-980D-4071-A895-B1AB75E022FB}.Release|Any CPU.Build.0 = Release|Any CPU
		{417BF06D-FFB2-3668-CAFB-1614DE047526}.Debug|Any CPU.ActiveCfg = Debug|Any CPU
		{417BF06D-FFB2-3668-CAFB-1614DE047526}.Debug|Any CPU.Build.0 = Debug|Any CPU
		{417BF06D-FFB2-3668-CAFB-1614DE047526}.Release|Any CPU.ActiveCfg = Release|Any CPU
		{417BF06D-FFB2-3668-CAFB-1614DE047526}.Release|Any CPU.Build.0 = Release|Any CPU
		{417BF06D-FFB2-3668-CAFB-1614DE047526}.Debug|Any CPU.ActiveCfg = Debug|Any CPU
		{417BF06D-FFB2-3668-CAFB-1614DE047526}.Debug|Any CPU.Build.0 = Debug|Any CPU
		{417BF06D-FFB2-3668-CAFB-1614DE047526}.Release|Any CPU.ActiveCfg = Release|Any CPU
		{417BF06D-FFB2-3668-CAFB-1614DE047526}.Release|Any CPU.Build.0 = Release|Any CPU
		{417BF06D-FFB2-3668-CAFB-1614DE047526}.Debug|Any CPU.ActiveCfg = Debug|Any CPU
		{417BF06D-FFB2-3668-CAFB-1614DE047526}.Debug|Any CPU.Build.0 = Debug|Any CPU
		{417BF06D-FFB2-3668-CAFB-1614DE047526}.Release|Any CPU.ActiveCfg = Release|Any CPU
		{417BF06D-FFB2-3668-CAFB-1614DE047526}.Release|Any CPU.Build.0 = Release|Any CPU
		{417BF06D-FFB2-3668-CAFB-1614DE047526}.Debug|Any CPU.ActiveCfg = Debug|Any CPU
		{417BF06D-FFB2-3668-CAFB-1614DE047526}.Debug|Any CPU.Build.0 = Debug|Any CPU
		{417BF06D-FFB2-3668-CAFB-1614DE047526}.Release|Any CPU.ActiveCfg = Release|Any CPU
		{417BF06D-FFB2-3668-CAFB-1614DE047526}.Release|Any CPU.Build.0 = Release|Any CPU
		{417BF06D-FFB2-3668-CAFB-1614DE047526}.Debug|Any CPU.ActiveCfg = Debug|Any CPU
		{417BF06D-FFB2-3668-CAFB-1614DE047526}.Debug|Any CPU.Build.0 = Debug|Any CPU
		{417BF06D-FFB2-3668-CAFB-1614DE047526}.Release|Any CPU.ActiveCfg = Release|Any CPU
		{417BF06D-FFB2-3668-CAFB-1614DE047526}.Release|Any CPU.Build.0 = Release|Any CPU
		{417BF06D-FFB2-3668-CAFB-1614DE047526}.Debug|Any CPU.ActiveCfg = Debug|Any CPU
		{417BF06D-FFB2-3668-CAFB-1614DE047526}.Debug|Any CPU.Build.0 = Debug|Any CPU
		{417BF06D-FFB2-3668-CAFB-1614DE047526}.Release|Any CPU.ActiveCfg = Release|Any CPU
		{417BF06D-FFB2-3668-CAFB-1614DE047526}.Release|Any CPU.Build.0 = Release|Any CPU
		{417BF06D-FFB2-3668-CAFB-1614DE047526}.Debug|Any CPU.ActiveCfg = Debug|Any CPU
		{417BF06D-FFB2-3668-CAFB-1614DE047526}.Debug|Any CPU.Build.0 = Debug|Any CPU
		{417BF06D-FFB2-3668-CAFB-1614DE047526}.Release|Any CPU.ActiveCfg = Release|Any CPU
		{417BF06D-FFB2-3668-CAFB-1614DE047526}.Release|Any CPU.Build.0 = Release|Any CPU
		{417BF06D-FFB2-3668-CAFB-1614DE047526}.Debug|Any CPU.ActiveCfg = Debug|Any CPU
		{417BF06D-FFB2-3668-CAFB-1614DE047526}.Debug|Any CPU.Build.0 = Debug|Any CPU
		{417BF06D-FFB2-3668-CAFB-1614DE047526}.Release|Any CPU.ActiveCfg = Release|Any CPU
		{417BF06D-FFB2-3668-CAFB-1614DE047526}.Release|Any CPU.Build.0 = Release|Any CPU
		{417BF06D-FFB2-3668-CAFB-1614DE047526}.Debug|Any CPU.ActiveCfg = Debug|Any CPU
		{417BF06D-FFB2-3668-CAFB-1614DE047526}.Debug|Any CPU.Build.0 = Debug|Any CPU
		{417BF06D-FFB2-3668-CAFB-1614DE047526}.Release|Any CPU.ActiveCfg = Release|Any CPU
		{417BF06D-FFB2-3668-CAFB-1614DE047526}.Release|Any CPU.Build.0 = Release|Any CPU
	EndGlobalSection
	GlobalSection(SolutionProperties) = preSolution
		HideSolutionNode = FALSE
	EndGlobalSection
EndGlobal
